
Microsoft Visual Studio Solution File, Format Version 12.00
# Visual Studio Version 16
Project("{2150E333-8FDC-42A3-9474-1A3956D46DE8}") = "Solution Items", "Solution Items", "{255030FB-9187-7892-9A91-DCB506489F8B}"
	ProjectSection(SolutionItems) = preProject
		.editorconfig = .editorconfig
	EndProjectSection
EndProject
Project("{2150E333-8FDC-42A3-9474-1A3956D46DE8}") = "CVConcepts", "CVConcepts", "{241ADC63-1013-FBB5-3945-E03A259DDAC1}"
EndProject
Project("{2150E333-8FDC-42A3-9474-1A3956D46DE8}") = "LearnOpenCV", "LearnOpenCV", "{10E0F836-FC9A-E8E2-A552-612D91EC3273}"
EndProject
Project("{8BC9CEB8-8B4A-11D0-8D11-00A0C91BC942}") = "Canny", "CVConcepts\src\LearnOpenCV\CannyEdgeDetector\Canny.vcxproj", "{3E7DF20C-AA91-1ABE-7313-BE1DDFE616EF}"
EndProject
Project("{8BC9CEB8-8B4A-11D0-8D11-00A0C91BC942}") = "Core_Component", "CVConcepts\src\LearnOpenCV\Core_Component\Core_Component.vcxproj", "{40544AA3-2C22-3EA9-15B6-AECF01231A0E}"
EndProject
Project("{8BC9CEB8-8B4A-11D0-8D11-00A0C91BC942}") = "Create_Mat_Object", "CVConcepts\src\LearnOpenCV\Mat\Create_Mat_Object.vcxproj", "{103062B1-7C46-6047-C5BD-EB68311331CF}"
EndProject
Project("{8BC9CEB8-8B4A-11D0-8D11-00A0C91BC942}") = "DataType", "CVConcepts\src\LearnOpenCV\DataType\DataType.vcxproj", "{21AEA27D-0D7B-FD88-3694-EB3022C03217}"
EndProject
Project("{8BC9CEB8-8B4A-11D0-8D11-00A0C91BC942}") = "Hello_OpenCV", "CVConcepts\src\LearnOpenCV\Hello_OpenCV\Hello_OpenCV.vcxproj", "{43CB7055-2F2E-00FA-D8B3-38B0C4F5CB7C}"
EndProject
Project("{8BC9CEB8-8B4A-11D0-8D11-00A0C91BC942}") = "Mat_Output_Format", "CVConcepts\src\LearnOpenCV\Output_Format\Mat_Output_Format.vcxproj", "{3FD13CD3-ABE7-3A69-F45E-C68A60B40BF1}"
EndProject
Project("{8BC9CEB8-8B4A-11D0-8D11-00A0C91BC942}") = "PlayWithTinker", "CVConcepts\src\LearnOpenCV\PlayWithTinker\PlayWithTinker.vcxproj", "{046452E7-F031-46ED-D9C5-B613C5322252}"
EndProject
Project("{8BC9CEB8-8B4A-11D0-8D11-00A0C91BC942}") = "ReadImgWithArgs", "CVConcepts\src\LearnOpenCV\ReadImgWithArgs\ReadImgWithArgs.vcxproj", "{C7548909-33E0-F6CD-3CF1-79C2A8FB52CE}"
EndProject
Project("{8BC9CEB8-8B4A-11D0-8D11-00A0C91BC942}") = "Transformation", "CVConcepts\src\LearnOpenCV\Transformation\Transformation.vcxproj", "{3CF484A7-28C2-78AD-1156-E9D3FDC25412}"
EndProject
Project("{8BC9CEB8-8B4A-11D0-8D11-00A0C91BC942}") = "VideoCapture", "CVConcepts\src\LearnOpenCV\VideoCapture\VideoCapture.vcxproj", "{50AF1D87-3C12-AD2B-E597-E5E1D1D978AE}"
EndProject
Project("{8BC9CEB8-8B4A-11D0-8D11-00A0C91BC942}") = "pyrDown", "CVConcepts\src\LearnOpenCV\pyrDown\pyrDown.vcxproj", "{1881B0D3-8460-2F6F-8D78-BA45F9D695D0}"
EndProject
Project("{8BC9CEB8-8B4A-11D0-8D11-00A0C91BC942}") = "CVHacker", "CVHacker\CVHacker.vcxproj", "{0C3E05DC-F80A-60E7-2124-4E8F0D509575}"
EndProject
Project("{2150E333-8FDC-42A3-9474-1A3956D46DE8}") = "Dependencies", "Dependencies", "{53E47842-3FC8-3998-A828-34EB942B241A}"
EndProject
Project("{8BC9CEB8-8B4A-11D0-8D11-00A0C91BC942}") = "Premake", "vendor\Premake.vcxproj", "{6ACC3F23-D6AB-BEBE-DFC3-49954B222520}"
EndProject
Global
	GlobalSection(SolutionConfigurationPlatforms) = preSolution
		Debug|x64 = Debug|x64
		Dist|x64 = Dist|x64
		Release|x64 = Release|x64
	EndGlobalSection
	GlobalSection(ProjectConfigurationPlatforms) = postSolution
		{3E7DF20C-AA91-1ABE-7313-BE1DDFE616EF}.Debug|x64.ActiveCfg = Debug|x64
		{3E7DF20C-AA91-1ABE-7313-BE1DDFE616EF}.Debug|x64.Build.0 = Debug|x64
		{3E7DF20C-AA91-1ABE-7313-BE1DDFE616EF}.Dist|x64.ActiveCfg = Dist|x64
		{3E7DF20C-AA91-1ABE-7313-BE1DDFE616EF}.Dist|x64.Build.0 = Dist|x64
		{3E7DF20C-AA91-1ABE-7313-BE1DDFE616EF}.Release|x64.ActiveCfg = Release|x64
		{3E7DF20C-AA91-1ABE-7313-BE1DDFE616EF}.Release|x64.Build.0 = Release|x64
		{40544AA3-2C22-3EA9-15B6-AECF01231A0E}.Debug|x64.ActiveCfg = Debug|x64
		{40544AA3-2C22-3EA9-15B6-AECF01231A0E}.Debug|x64.Build.0 = Debug|x64
		{40544AA3-2C22-3EA9-15B6-AECF01231A0E}.Dist|x64.ActiveCfg = Dist|x64
		{40544AA3-2C22-3EA9-15B6-AECF01231A0E}.Dist|x64.Build.0 = Dist|x64
		{40544AA3-2C22-3EA9-15B6-AECF01231A0E}.Release|x64.ActiveCfg = Release|x64
		{40544AA3-2C22-3EA9-15B6-AECF01231A0E}.Release|x64.Build.0 = Release|x64
		{103062B1-7C46-6047-C5BD-EB68311331CF}.Debug|x64.ActiveCfg = Debug|x64
		{103062B1-7C46-6047-C5BD-EB68311331CF}.Debug|x64.Build.0 = Debug|x64
		{103062B1-7C46-6047-C5BD-EB68311331CF}.Dist|x64.ActiveCfg = Dist|x64
		{103062B1-7C46-6047-C5BD-EB68311331CF}.Dist|x64.Build.0 = Dist|x64
		{103062B1-7C46-6047-C5BD-EB68311331CF}.Release|x64.ActiveCfg = Release|x64
		{103062B1-7C46-6047-C5BD-EB68311331CF}.Release|x64.Build.0 = Release|x64
		{21AEA27D-0D7B-FD88-3694-EB3022C03217}.Debug|x64.ActiveCfg = Debug|x64
		{21AEA27D-0D7B-FD88-3694-EB3022C03217}.Debug|x64.Build.0 = Debug|x64
		{21AEA27D-0D7B-FD88-3694-EB3022C03217}.Dist|x64.ActiveCfg = Dist|x64
		{21AEA27D-0D7B-FD88-3694-EB3022C03217}.Dist|x64.Build.0 = Dist|x64
		{21AEA27D-0D7B-FD88-3694-EB3022C03217}.Release|x64.ActiveCfg = Release|x64
		{21AEA27D-0D7B-FD88-3694-EB3022C03217}.Release|x64.Build.0 = Release|x64
		{43CB7055-2F2E-00FA-D8B3-38B0C4F5CB7C}.Debug|x64.ActiveCfg = Debug|x64
		{43CB7055-2F2E-00FA-D8B3-38B0C4F5CB7C}.Debug|x64.Build.0 = Debug|x64
		{43CB7055-2F2E-00FA-D8B3-38B0C4F5CB7C}.Dist|x64.ActiveCfg = Dist|x64
		{43CB7055-2F2E-00FA-D8B3-38B0C4F5CB7C}.Dist|x64.Build.0 = Dist|x64
		{43CB7055-2F2E-00FA-D8B3-38B0C4F5CB7C}.Release|x64.ActiveCfg = Release|x64
		{43CB7055-2F2E-00FA-D8B3-38B0C4F5CB7C}.Release|x64.Build.0 = Release|x64
		{3FD13CD3-ABE7-3A69-F45E-C68A60B40BF1}.Debug|x64.ActiveCfg = Debug|x64
		{3FD13CD3-ABE7-3A69-F45E-C68A60B40BF1}.Debug|x64.Build.0 = Debug|x64
		{3FD13CD3-ABE7-3A69-F45E-C68A60B40BF1}.Dist|x64.ActiveCfg = Dist|x64
		{3FD13CD3-ABE7-3A69-F45E-C68A60B40BF1}.Dist|x64.Build.0 = Dist|x64
		{3FD13CD3-ABE7-3A69-F45E-C68A60B40BF1}.Release|x64.ActiveCfg = Release|x64
		{3FD13CD3-ABE7-3A69-F45E-C68A60B40BF1}.Release|x64.Build.0 = Release|x64
		{046452E7-F031-46ED-D9C5-B613C5322252}.Debug|x64.ActiveCfg = Debug|x64
		{046452E7-F031-46ED-D9C5-B613C5322252}.Debug|x64.Build.0 = Debug|x64
		{046452E7-F031-46ED-D9C5-B613C5322252}.Dist|x64.ActiveCfg = Dist|x64
		{046452E7-F031-46ED-D9C5-B613C5322252}.Dist|x64.Build.0 = Dist|x64
		{046452E7-F031-46ED-D9C5-B613C5322252}.Release|x64.ActiveCfg = Release|x64
		{046452E7-F031-46ED-D9C5-B613C5322252}.Release|x64.Build.0 = Release|x64
		{C7548909-33E0-F6CD-3CF1-79C2A8FB52CE}.Debug|x64.ActiveCfg = Debug|x64
		{C7548909-33E0-F6CD-3CF1-79C2A8FB52CE}.Debug|x64.Build.0 = Debug|x64
		{C7548909-33E0-F6CD-3CF1-79C2A8FB52CE}.Dist|x64.ActiveCfg = Dist|x64
		{C7548909-33E0-F6CD-3CF1-79C2A8FB52CE}.Dist|x64.Build.0 = Dist|x64
		{C7548909-33E0-F6CD-3CF1-79C2A8FB52CE}.Release|x64.ActiveCfg = Release|x64
		{C7548909-33E0-F6CD-3CF1-79C2A8FB52CE}.Release|x64.Build.0 = Release|x64
		{3CF484A7-28C2-78AD-1156-E9D3FDC25412}.Debug|x64.ActiveCfg = Debug|x64
		{3CF484A7-28C2-78AD-1156-E9D3FDC25412}.Debug|x64.Build.0 = Debug|x64
		{3CF484A7-28C2-78AD-1156-E9D3FDC25412}.Dist|x64.ActiveCfg = Dist|x64
		{3CF484A7-28C2-78AD-1156-E9D3FDC25412}.Dist|x64.Build.0 = Dist|x64
		{3CF484A7-28C2-78AD-1156-E9D3FDC25412}.Release|x64.ActiveCfg = Release|x64
		{3CF484A7-28C2-78AD-1156-E9D3FDC25412}.Release|x64.Build.0 = Release|x64
		{50AF1D87-3C12-AD2B-E597-E5E1D1D978AE}.Debug|x64.ActiveCfg = Debug|x64
		{50AF1D87-3C12-AD2B-E597-E5E1D1D978AE}.Debug|x64.Build.0 = Debug|x64
		{50AF1D87-3C12-AD2B-E597-E5E1D1D978AE}.Dist|x64.ActiveCfg = Dist|x64
		{50AF1D87-3C12-AD2B-E597-E5E1D1D978AE}.Dist|x64.Build.0 = Dist|x64
		{50AF1D87-3C12-AD2B-E597-E5E1D1D978AE}.Release|x64.ActiveCfg = Release|x64
		{50AF1D87-3C12-AD2B-E597-E5E1D1D978AE}.Release|x64.Build.0 = Release|x64
		{1881B0D3-8460-2F6F-8D78-BA45F9D695D0}.Debug|x64.ActiveCfg = Debug|x64
		{1881B0D3-8460-2F6F-8D78-BA45F9D695D0}.Debug|x64.Build.0 = Debug|x64
		{1881B0D3-8460-2F6F-8D78-BA45F9D695D0}.Dist|x64.ActiveCfg = Dist|x64
		{1881B0D3-8460-2F6F-8D78-BA45F9D695D0}.Dist|x64.Build.0 = Dist|x64
		{1881B0D3-8460-2F6F-8D78-BA45F9D695D0}.Release|x64.ActiveCfg = Release|x64
		{1881B0D3-8460-2F6F-8D78-BA45F9D695D0}.Release|x64.Build.0 = Release|x64
		{0C3E05DC-F80A-60E7-2124-4E8F0D509575}.Debug|x64.ActiveCfg = Debug|x64
		{0C3E05DC-F80A-60E7-2124-4E8F0D509575}.Debug|x64.Build.0 = Debug|x64
		{0C3E05DC-F80A-60E7-2124-4E8F0D509575}.Dist|x64.ActiveCfg = Dist|x64
		{0C3E05DC-F80A-60E7-2124-4E8F0D509575}.Dist|x64.Build.0 = Dist|x64
		{0C3E05DC-F80A-60E7-2124-4E8F0D509575}.Release|x64.ActiveCfg = Release|x64
		{0C3E05DC-F80A-60E7-2124-4E8F0D509575}.Release|x64.Build.0 = Release|x64
		{6ACC3F23-D6AB-BEBE-DFC3-49954B222520}.Debug|x64.ActiveCfg = Debug|x64
		{6ACC3F23-D6AB-BEBE-DFC3-49954B222520}.Debug|x64.Build.0 = Debug|x64
		{6ACC3F23-D6AB-BEBE-DFC3-49954B222520}.Dist|x64.ActiveCfg = Dist|x64
		{6ACC3F23-D6AB-BEBE-DFC3-49954B222520}.Dist|x64.Build.0 = Dist|x64
		{6ACC3F23-D6AB-BEBE-DFC3-49954B222520}.Release|x64.ActiveCfg = Release|x64
		{6ACC3F23-D6AB-BEBE-DFC3-49954B222520}.Release|x64.Build.0 = Release|x64
	EndGlobalSection
	GlobalSection(SolutionProperties) = preSolution
		HideSolutionNode = FALSE
	EndGlobalSection
	GlobalSection(NestedProjects) = preSolution
		{10E0F836-FC9A-E8E2-A552-612D91EC3273} = {241ADC63-1013-FBB5-3945-E03A259DDAC1}
		{3E7DF20C-AA91-1ABE-7313-BE1DDFE616EF} = {10E0F836-FC9A-E8E2-A552-612D91EC3273}
		{40544AA3-2C22-3EA9-15B6-AECF01231A0E} = {10E0F836-FC9A-E8E2-A552-612D91EC3273}
		{103062B1-7C46-6047-C5BD-EB68311331CF} = {10E0F836-FC9A-E8E2-A552-612D91EC3273}
		{21AEA27D-0D7B-FD88-3694-EB3022C03217} = {10E0F836-FC9A-E8E2-A552-612D91EC3273}
		{43CB7055-2F2E-00FA-D8B3-38B0C4F5CB7C} = {10E0F836-FC9A-E8E2-A552-612D91EC3273}
		{3FD13CD3-ABE7-3A69-F45E-C68A60B40BF1} = {10E0F836-FC9A-E8E2-A552-612D91EC3273}
		{046452E7-F031-46ED-D9C5-B613C5322252} = {10E0F836-FC9A-E8E2-A552-612D91EC3273}
		{C7548909-33E0-F6CD-3CF1-79C2A8FB52CE} = {10E0F836-FC9A-E8E2-A552-612D91EC3273}
		{3CF484A7-28C2-78AD-1156-E9D3FDC25412} = {10E0F836-FC9A-E8E2-A552-612D91EC3273}
		{50AF1D87-3C12-AD2B-E597-E5E1D1D978AE} = {10E0F836-FC9A-E8E2-A552-612D91EC3273}
		{1881B0D3-8460-2F6F-8D78-BA45F9D695D0} = {10E0F836-FC9A-E8E2-A552-612D91EC3273}
		{6ACC3F23-D6AB-BEBE-DFC3-49954B222520} = {53E47842-3FC8-3998-A828-34EB942B241A}
	EndGlobalSection
EndGlobal
